
Microsoft Visual Studio Solution File, Format Version 12.00
# Visual Studio Version 16
VisualStudioVersion = 16.0.29326.143
MinimumVisualStudioVersion = 10.0.40219.1
Project("{FAE04EC0-301F-11D3-BF4B-00C04F79EFBC}") = "StateManagementLab", "StateManagementLab\StateManagementLab.csproj", "{88E0CDD6-A4DC-4D5E-80DA-13CACED66F07}"
EndProject
Global
	GlobalSection(SolutionConfigurationPlatforms) = preSolution
		Debug|Any CPU = Debug|Any CPU
		Release|Any CPU = Release|Any CPU
	EndGlobalSection
	GlobalSection(ProjectConfigurationPlatforms) = postSolution
		{88E0CDD6-A4DC-4D5E-80DA-13CACED66F07}.Debug|Any CPU.ActiveCfg = Debug|Any CPU
		{88E0CDD6-A4DC-4D5E-80DA-13CACED66F07}.Debug|Any CPU.Build.0 = Debug|Any CPU
		{88E0CDD6-A4DC-4D5E-80DA-13CACED66F07}.Release|Any CPU.ActiveCfg = Release|Any CPU
		{88E0CDD6-A4DC-4D5E-80DA-13CACED66F07}.Release|Any CPU.Build.0 = Release|Any CPU
	EndGlobalSection
	GlobalSection(SolutionProperties) = preSolution
		HideSolutionNode = FALSE
	EndGlobalSection
	GlobalSection(ExtensibilityGlobals) = postSolution
		SolutionGuid = {A3703273-D1C7-4D52-A3A6-6DFCEAFA8452}
	EndGlobalSection
EndGlobal
